
Microsoft Visual Studio Solution File, Format Version 12.00
# Visual Studio Version 16
VisualStudioVersion = 25.0.1703.5
MinimumVisualStudioVersion = 10.0.40219.1
Project("{FAE04EC0-301F-11D3-BF4B-00C04F79EFBC}") = "CrackingTheCodeInterview", "CrackingTheCodeInterview.csproj", "{B40EA662-F4A3-46FD-955A-84C49BCDABD5}"
EndProject
Global
	GlobalSection(SolutionConfigurationPlatforms) = preSolution
		Debug|Any CPU = Debug|Any CPU
		Release|Any CPU = Release|Any CPU
	EndGlobalSection
	GlobalSection(ProjectConfigurationPlatforms) = postSolution
		{B40EA662-F4A3-46FD-955A-84C49BCDABD5}.Debug|Any CPU.ActiveCfg = Debug|Any CPU
		{B40EA662-F4A3-46FD-955A-84C49BCDABD5}.Debug|Any CPU.Build.0 = Debug|Any CPU
		{B40EA662-F4A3-46FD-955A-84C49BCDABD5}.Release|Any CPU.ActiveCfg = Release|Any CPU
		{B40EA662-F4A3-46FD-955A-84C49BCDABD5}.Release|Any CPU.Build.0 = Release|Any CPU
	EndGlobalSection
	GlobalSection(SolutionProperties) = preSolution
		HideSolutionNode = FALSE
	EndGlobalSection
	GlobalSection(ExtensibilityGlobals) = postSolution
		SolutionGuid = {F7AAB626-472A-48FC-904F-B71F615E1C59}
	EndGlobalSection
EndGlobal
